// !$*UTF8*$!
{
	archiveVersion = 1;
	classes = {
	};
	objectVersion = 48;
	objects = {

/* Begin PBXBuildFile section */
		CACD36D727EF1AD1BE451721 /* Pods_walmartlabs.framework in Frameworks */ = {isa = PBXBuildFile; fileRef = 3D90D37444C8E8D7E2F7D4F0 /* Pods_walmartlabs.framework */; };
		FA28E38C1F9D311300C84DD1 /* SAMLoadingFooterView.swift in Sources */ = {isa = PBXBuildFile; fileRef = FA28E38B1F9D311300C84DD1 /* SAMLoadingFooterView.swift */; };
		FA28E38E1F9D312500C84DD1 /* SAMLoadingFooterView.xib in Resources */ = {isa = PBXBuildFile; fileRef = FA28E38D1F9D312500C84DD1 /* SAMLoadingFooterView.xib */; };
		FA28E3911F9D3A3D00C84DD1 /* UIView+NibExtension.swift in Sources */ = {isa = PBXBuildFile; fileRef = FA28E3901F9D3A3D00C84DD1 /* UIView+NibExtension.swift */; };
		FA758C1D1F9BC9C800BDB3D8 /* AppDelegate.swift in Sources */ = {isa = PBXBuildFile; fileRef = FA758C1C1F9BC9C800BDB3D8 /* AppDelegate.swift */; };
		FA758C241F9BC9C800BDB3D8 /* Assets.xcassets in Resources */ = {isa = PBXBuildFile; fileRef = FA758C231F9BC9C800BDB3D8 /* Assets.xcassets */; };
		FA758C321F9BC9C800BDB3D8 /* walmartlabsTests.swift in Sources */ = {isa = PBXBuildFile; fileRef = FA758C311F9BC9C800BDB3D8 /* walmartlabsTests.swift */; };
		FA758C3D1F9BC9C800BDB3D8 /* walmartlabsUITests.swift in Sources */ = {isa = PBXBuildFile; fileRef = FA758C3C1F9BC9C800BDB3D8 /* walmartlabsUITests.swift */; };
		FA758C4C1F9BD2C400BDB3D8 /* SAMProductViewController.swift in Sources */ = {isa = PBXBuildFile; fileRef = FA758C4A1F9BD2C400BDB3D8 /* SAMProductViewController.swift */; };
		FA758C4D1F9BD2C400BDB3D8 /* SAMProductViewController.xib in Resources */ = {isa = PBXBuildFile; fileRef = FA758C4B1F9BD2C400BDB3D8 /* SAMProductViewController.xib */; };
		FA758C541F9BD50300BDB3D8 /* SAMProductTableViewCell.swift in Sources */ = {isa = PBXBuildFile; fileRef = FA758C521F9BD50300BDB3D8 /* SAMProductTableViewCell.swift */; };
		FA758C551F9BD50300BDB3D8 /* SAMProductTableViewCell.xib in Resources */ = {isa = PBXBuildFile; fileRef = FA758C531F9BD50300BDB3D8 /* SAMProductTableViewCell.xib */; };
		FA758C591F9BE26D00BDB3D8 /* SAMProduct.swift in Sources */ = {isa = PBXBuildFile; fileRef = FA758C581F9BE26D00BDB3D8 /* SAMProduct.swift */; };
		FA758C5B1F9BE41200BDB3D8 /* SAMBaseRESTService.swift in Sources */ = {isa = PBXBuildFile; fileRef = FA758C5A1F9BE41200BDB3D8 /* SAMBaseRESTService.swift */; };
		FA758C5D1F9BE4E600BDB3D8 /* SAMProductService.swift in Sources */ = {isa = PBXBuildFile; fileRef = FA758C5C1F9BE4E600BDB3D8 /* SAMProductService.swift */; };
		FA758C5F1F9BE5EC00BDB3D8 /* SAMServiceConstants.swift in Sources */ = {isa = PBXBuildFile; fileRef = FA758C5E1F9BE5EC00BDB3D8 /* SAMServiceConstants.swift */; };
		FAC5D2731F9CF6CA00F62E11 /* SAMProductResponse.swift in Sources */ = {isa = PBXBuildFile; fileRef = FAC5D2721F9CF6CA00F62E11 /* SAMProductResponse.swift */; };
		FAC5D2751F9D0F3300F62E11 /* SAMTableViewCell.swift in Sources */ = {isa = PBXBuildFile; fileRef = FAC5D2741F9D0F3300F62E11 /* SAMTableViewCell.swift */; };
		FAC5D2781F9D226000F62E11 /* SAMPaginationManager.swift in Sources */ = {isa = PBXBuildFile; fileRef = FAC5D2771F9D226000F62E11 /* SAMPaginationManager.swift */; };
/* End PBXBuildFile section */

/* Begin PBXContainerItemProxy section */
		FA758C2E1F9BC9C800BDB3D8 /* PBXContainerItemProxy */ = {
			isa = PBXContainerItemProxy;
			containerPortal = FA758C111F9BC9C800BDB3D8 /* Project object */;
			proxyType = 1;
			remoteGlobalIDString = FA758C181F9BC9C800BDB3D8;
			remoteInfo = walmartlabs;
		};
		FA758C391F9BC9C800BDB3D8 /* PBXContainerItemProxy */ = {
			isa = PBXContainerItemProxy;
			containerPortal = FA758C111F9BC9C800BDB3D8 /* Project object */;
			proxyType = 1;
			remoteGlobalIDString = FA758C181F9BC9C800BDB3D8;
			remoteInfo = walmartlabs;
		};
/* End PBXContainerItemProxy section */

/* Begin PBXFileReference section */
		3D90D37444C8E8D7E2F7D4F0 /* Pods_walmartlabs.framework */ = {isa = PBXFileReference; explicitFileType = wrapper.framework; includeInIndex = 0; path = Pods_walmartlabs.framework; sourceTree = BUILT_PRODUCTS_DIR; };
		475691F5282898C92FBCBDD5 /* Pods-walmartlabs.debug.xcconfig */ = {isa = PBXFileReference; includeInIndex = 1; lastKnownFileType = text.xcconfig; name = "Pods-walmartlabs.debug.xcconfig"; path = "Pods/Target Support Files/Pods-walmartlabs/Pods-walmartlabs.debug.xcconfig"; sourceTree = "<group>"; };
		DA145736CB4DDDB90CB90B8E /* Pods-walmartlabs.release.xcconfig */ = {isa = PBXFileReference; includeInIndex = 1; lastKnownFileType = text.xcconfig; name = "Pods-walmartlabs.release.xcconfig"; path = "Pods/Target Support Files/Pods-walmartlabs/Pods-walmartlabs.release.xcconfig"; sourceTree = "<group>"; };
		FA28E38B1F9D311300C84DD1 /* SAMLoadingFooterView.swift */ = {isa = PBXFileReference; lastKnownFileType = sourcecode.swift; path = SAMLoadingFooterView.swift; sourceTree = "<group>"; };
		FA28E38D1F9D312500C84DD1 /* SAMLoadingFooterView.xib */ = {isa = PBXFileReference; lastKnownFileType = file.xib; path = SAMLoadingFooterView.xib; sourceTree = "<group>"; };
		FA28E3901F9D3A3D00C84DD1 /* UIView+NibExtension.swift */ = {isa = PBXFileReference; lastKnownFileType = sourcecode.swift; path = "UIView+NibExtension.swift"; sourceTree = "<group>"; };
		FA758C191F9BC9C800BDB3D8 /* walmartlabs.app */ = {isa = PBXFileReference; explicitFileType = wrapper.application; includeInIndex = 0; path = walmartlabs.app; sourceTree = BUILT_PRODUCTS_DIR; };
		FA758C1C1F9BC9C800BDB3D8 /* AppDelegate.swift */ = {isa = PBXFileReference; lastKnownFileType = sourcecode.swift; path = AppDelegate.swift; sourceTree = "<group>"; };
		FA758C231F9BC9C800BDB3D8 /* Assets.xcassets */ = {isa = PBXFileReference; lastKnownFileType = folder.assetcatalog; path = Assets.xcassets; sourceTree = "<group>"; };
		FA758C281F9BC9C800BDB3D8 /* Info.plist */ = {isa = PBXFileReference; lastKnownFileType = text.plist.xml; path = Info.plist; sourceTree = "<group>"; };
		FA758C2D1F9BC9C800BDB3D8 /* walmartlabsTests.xctest */ = {isa = PBXFileReference; explicitFileType = wrapper.cfbundle; includeInIndex = 0; path = walmartlabsTests.xctest; sourceTree = BUILT_PRODUCTS_DIR; };
		FA758C311F9BC9C800BDB3D8 /* walmartlabsTests.swift */ = {isa = PBXFileReference; lastKnownFileType = sourcecode.swift; path = walmartlabsTests.swift; sourceTree = "<group>"; };
		FA758C331F9BC9C800BDB3D8 /* Info.plist */ = {isa = PBXFileReference; lastKnownFileType = text.plist.xml; path = Info.plist; sourceTree = "<group>"; };
		FA758C381F9BC9C800BDB3D8 /* walmartlabsUITests.xctest */ = {isa = PBXFileReference; explicitFileType = wrapper.cfbundle; includeInIndex = 0; path = walmartlabsUITests.xctest; sourceTree = BUILT_PRODUCTS_DIR; };
		FA758C3C1F9BC9C800BDB3D8 /* walmartlabsUITests.swift */ = {isa = PBXFileReference; lastKnownFileType = sourcecode.swift; path = walmartlabsUITests.swift; sourceTree = "<group>"; };
		FA758C3E1F9BC9C800BDB3D8 /* Info.plist */ = {isa = PBXFileReference; lastKnownFileType = text.plist.xml; path = Info.plist; sourceTree = "<group>"; };
		FA758C4A1F9BD2C400BDB3D8 /* SAMProductViewController.swift */ = {isa = PBXFileReference; lastKnownFileType = sourcecode.swift; path = SAMProductViewController.swift; sourceTree = "<group>"; };
		FA758C4B1F9BD2C400BDB3D8 /* SAMProductViewController.xib */ = {isa = PBXFileReference; lastKnownFileType = file.xib; path = SAMProductViewController.xib; sourceTree = "<group>"; };
		FA758C521F9BD50300BDB3D8 /* SAMProductTableViewCell.swift */ = {isa = PBXFileReference; lastKnownFileType = sourcecode.swift; path = SAMProductTableViewCell.swift; sourceTree = "<group>"; };
		FA758C531F9BD50300BDB3D8 /* SAMProductTableViewCell.xib */ = {isa = PBXFileReference; lastKnownFileType = file.xib; path = SAMProductTableViewCell.xib; sourceTree = "<group>"; };
		FA758C581F9BE26D00BDB3D8 /* SAMProduct.swift */ = {isa = PBXFileReference; lastKnownFileType = sourcecode.swift; path = SAMProduct.swift; sourceTree = "<group>"; };
		FA758C5A1F9BE41200BDB3D8 /* SAMBaseRESTService.swift */ = {isa = PBXFileReference; lastKnownFileType = sourcecode.swift; path = SAMBaseRESTService.swift; sourceTree = "<group>"; };
		FA758C5C1F9BE4E600BDB3D8 /* SAMProductService.swift */ = {isa = PBXFileReference; lastKnownFileType = sourcecode.swift; path = SAMProductService.swift; sourceTree = "<group>"; };
		FA758C5E1F9BE5EC00BDB3D8 /* SAMServiceConstants.swift */ = {isa = PBXFileReference; lastKnownFileType = sourcecode.swift; path = SAMServiceConstants.swift; sourceTree = "<group>"; };
		FAC5D2721F9CF6CA00F62E11 /* SAMProductResponse.swift */ = {isa = PBXFileReference; lastKnownFileType = sourcecode.swift; path = SAMProductResponse.swift; sourceTree = "<group>"; };
		FAC5D2741F9D0F3300F62E11 /* SAMTableViewCell.swift */ = {isa = PBXFileReference; lastKnownFileType = sourcecode.swift; path = SAMTableViewCell.swift; sourceTree = "<group>"; };
		FAC5D2771F9D226000F62E11 /* SAMPaginationManager.swift */ = {isa = PBXFileReference; lastKnownFileType = sourcecode.swift; path = SAMPaginationManager.swift; sourceTree = "<group>"; };
/* End PBXFileReference section */

/* Begin PBXFrameworksBuildPhase section */
		FA758C161F9BC9C800BDB3D8 /* Frameworks */ = {
			isa = PBXFrameworksBuildPhase;
			buildActionMask = 2147483647;
			files = (
				CACD36D727EF1AD1BE451721 /* Pods_walmartlabs.framework in Frameworks */,
			);
			runOnlyForDeploymentPostprocessing = 0;
		};
		FA758C2A1F9BC9C800BDB3D8 /* Frameworks */ = {
			isa = PBXFrameworksBuildPhase;
			buildActionMask = 2147483647;
			files = (
			);
			runOnlyForDeploymentPostprocessing = 0;
		};
		FA758C351F9BC9C800BDB3D8 /* Frameworks */ = {
			isa = PBXFrameworksBuildPhase;
			buildActionMask = 2147483647;
			files = (
			);
			runOnlyForDeploymentPostprocessing = 0;
		};
/* End PBXFrameworksBuildPhase section */

/* Begin PBXGroup section */
		0C6BEBF099C486B6EBE106FA /* Pods */ = {
			isa = PBXGroup;
			children = (
				475691F5282898C92FBCBDD5 /* Pods-walmartlabs.debug.xcconfig */,
				DA145736CB4DDDB90CB90B8E /* Pods-walmartlabs.release.xcconfig */,
			);
			name = Pods;
			sourceTree = "<group>";
		};
		4F3BCD1B18D287AF7E93AD03 /* Frameworks */ = {
			isa = PBXGroup;
			children = (
				3D90D37444C8E8D7E2F7D4F0 /* Pods_walmartlabs.framework */,
			);
			name = Frameworks;
			sourceTree = "<group>";
		};
		FA28E38F1F9D3A2B00C84DD1 /* Extensions */ = {
			isa = PBXGroup;
			children = (
				FA28E3901F9D3A3D00C84DD1 /* UIView+NibExtension.swift */,
			);
			path = Extensions;
			sourceTree = "<group>";
		};
		FA758C101F9BC9C800BDB3D8 = {
			isa = PBXGroup;
			children = (
				FA758C1B1F9BC9C800BDB3D8 /* walmartlabs */,
				FA758C301F9BC9C800BDB3D8 /* walmartlabsTests */,
				FA758C3B1F9BC9C800BDB3D8 /* walmartlabsUITests */,
				FA758C1A1F9BC9C800BDB3D8 /* Products */,
				0C6BEBF099C486B6EBE106FA /* Pods */,
				4F3BCD1B18D287AF7E93AD03 /* Frameworks */,
			);
			sourceTree = "<group>";
		};
		FA758C1A1F9BC9C800BDB3D8 /* Products */ = {
			isa = PBXGroup;
			children = (
				FA758C191F9BC9C800BDB3D8 /* walmartlabs.app */,
				FA758C2D1F9BC9C800BDB3D8 /* walmartlabsTests.xctest */,
				FA758C381F9BC9C800BDB3D8 /* walmartlabsUITests.xctest */,
			);
			name = Products;
			sourceTree = "<group>";
		};
		FA758C1B1F9BC9C800BDB3D8 /* walmartlabs */ = {
			isa = PBXGroup;
			children = (
				FA28E38F1F9D3A2B00C84DD1 /* Extensions */,
				FAC5D2761F9D224D00F62E11 /* Managers */,
				FA758C561F9BDE2600BDB3D8 /* Model */,
				FA758C571F9BDE2600BDB3D8 /* Networking */,
				FA758C4F1F9BD4A800BDB3D8 /* Views */,
				FA758C4E1F9BD4A100BDB3D8 /* Controllers */,
				FA758C1C1F9BC9C800BDB3D8 /* AppDelegate.swift */,
				FA758C231F9BC9C800BDB3D8 /* Assets.xcassets */,
				FA758C281F9BC9C800BDB3D8 /* Info.plist */,
			);
			path = walmartlabs;
			sourceTree = "<group>";
		};
		FA758C301F9BC9C800BDB3D8 /* walmartlabsTests */ = {
			isa = PBXGroup;
			children = (
				FA758C311F9BC9C800BDB3D8 /* walmartlabsTests.swift */,
				FA758C331F9BC9C800BDB3D8 /* Info.plist */,
			);
			path = walmartlabsTests;
			sourceTree = "<group>";
		};
		FA758C3B1F9BC9C800BDB3D8 /* walmartlabsUITests */ = {
			isa = PBXGroup;
			children = (
				FA758C3C1F9BC9C800BDB3D8 /* walmartlabsUITests.swift */,
				FA758C3E1F9BC9C800BDB3D8 /* Info.plist */,
			);
			path = walmartlabsUITests;
			sourceTree = "<group>";
		};
		FA758C4E1F9BD4A100BDB3D8 /* Controllers */ = {
			isa = PBXGroup;
			children = (
				FA758C4A1F9BD2C400BDB3D8 /* SAMProductViewController.swift */,
			);
			path = Controllers;
			sourceTree = "<group>";
		};
		FA758C4F1F9BD4A800BDB3D8 /* Views */ = {
			isa = PBXGroup;
			children = (
				FA758C511F9BD4DB00BDB3D8 /* Xibs */,
				FA758C501F9BD4A800BDB3D8 /* Cells */,
			);
			path = Views;
			sourceTree = "<group>";
		};
		FA758C501F9BD4A800BDB3D8 /* Cells */ = {
			isa = PBXGroup;
			children = (
				FA758C521F9BD50300BDB3D8 /* SAMProductTableViewCell.swift */,
				FAC5D2741F9D0F3300F62E11 /* SAMTableViewCell.swift */,
				FA28E38B1F9D311300C84DD1 /* SAMLoadingFooterView.swift */,
			);
			path = Cells;
			sourceTree = "<group>";
		};
		FA758C511F9BD4DB00BDB3D8 /* Xibs */ = {
			isa = PBXGroup;
			children = (
				FA758C4B1F9BD2C400BDB3D8 /* SAMProductViewController.xib */,
				FA758C531F9BD50300BDB3D8 /* SAMProductTableViewCell.xib */,
				FA28E38D1F9D312500C84DD1 /* SAMLoadingFooterView.xib */,
			);
			path = Xibs;
			sourceTree = "<group>";
		};
		FA758C561F9BDE2600BDB3D8 /* Model */ = {
			isa = PBXGroup;
			children = (
				FA758C581F9BE26D00BDB3D8 /* SAMProduct.swift */,
				FAC5D2721F9CF6CA00F62E11 /* SAMProductResponse.swift */,
			);
			path = Model;
			sourceTree = "<group>";
		};
		FA758C571F9BDE2600BDB3D8 /* Networking */ = {
			isa = PBXGroup;
			children = (
				FA758C5A1F9BE41200BDB3D8 /* SAMBaseRESTService.swift */,
				FA758C5C1F9BE4E600BDB3D8 /* SAMProductService.swift */,
				FA758C5E1F9BE5EC00BDB3D8 /* SAMServiceConstants.swift */,
			);
			path = Networking;
			sourceTree = "<group>";
		};
		FAC5D2761F9D224D00F62E11 /* Managers */ = {
			isa = PBXGroup;
			children = (
				FAC5D2771F9D226000F62E11 /* SAMPaginationManager.swift */,
			);
			path = Managers;
			sourceTree = "<group>";
		};
/* End PBXGroup section */

/* Begin PBXNativeTarget section */
		FA758C181F9BC9C800BDB3D8 /* walmartlabs */ = {
			isa = PBXNativeTarget;
			buildConfigurationList = FA758C411F9BC9C800BDB3D8 /* Build configuration list for PBXNativeTarget "walmartlabs" */;
			buildPhases = (
				350E4EBBABFE16CADD66E7DC /* [CP] Check Pods Manifest.lock */,
				FA758C151F9BC9C800BDB3D8 /* Sources */,
				FA758C161F9BC9C800BDB3D8 /* Frameworks */,
				FA758C171F9BC9C800BDB3D8 /* Resources */,
				4DD2B136DBEDBB18AD84237A /* [CP] Embed Pods Frameworks */,
				EFB350A8AE3E280251DA5576 /* [CP] Copy Pods Resources */,
			);
			buildRules = (
			);
			dependencies = (
			);
			name = walmartlabs;
			productName = walmartlabs;
			productReference = FA758C191F9BC9C800BDB3D8 /* walmartlabs.app */;
			productType = "com.apple.product-type.application";
		};
		FA758C2C1F9BC9C800BDB3D8 /* walmartlabsTests */ = {
			isa = PBXNativeTarget;
			buildConfigurationList = FA758C441F9BC9C800BDB3D8 /* Build configuration list for PBXNativeTarget "walmartlabsTests" */;
			buildPhases = (
				FA758C291F9BC9C800BDB3D8 /* Sources */,
				FA758C2A1F9BC9C800BDB3D8 /* Frameworks */,
				FA758C2B1F9BC9C800BDB3D8 /* Resources */,
			);
			buildRules = (
			);
			dependencies = (
				FA758C2F1F9BC9C800BDB3D8 /* PBXTargetDependency */,
			);
			name = walmartlabsTests;
			productName = walmartlabsTests;
			productReference = FA758C2D1F9BC9C800BDB3D8 /* walmartlabsTests.xctest */;
			productType = "com.apple.product-type.bundle.unit-test";
		};
		FA758C371F9BC9C800BDB3D8 /* walmartlabsUITests */ = {
			isa = PBXNativeTarget;
			buildConfigurationList = FA758C471F9BC9C800BDB3D8 /* Build configuration list for PBXNativeTarget "walmartlabsUITests" */;
			buildPhases = (
				FA758C341F9BC9C800BDB3D8 /* Sources */,
				FA758C351F9BC9C800BDB3D8 /* Frameworks */,
				FA758C361F9BC9C800BDB3D8 /* Resources */,
			);
			buildRules = (
			);
			dependencies = (
				FA758C3A1F9BC9C800BDB3D8 /* PBXTargetDependency */,
			);
			name = walmartlabsUITests;
			productName = walmartlabsUITests;
			productReference = FA758C381F9BC9C800BDB3D8 /* walmartlabsUITests.xctest */;
			productType = "com.apple.product-type.bundle.ui-testing";
		};
/* End PBXNativeTarget section */

/* Begin PBXProject section */
		FA758C111F9BC9C800BDB3D8 /* Project object */ = {
			isa = PBXProject;
			attributes = {
				LastSwiftUpdateCheck = 0900;
				LastUpgradeCheck = 0900;
				ORGANIZATIONNAME = "Oscar Gomez Novau";
				TargetAttributes = {
					FA758C181F9BC9C800BDB3D8 = {
						CreatedOnToolsVersion = 9.0;
						ProvisioningStyle = Automatic;
					};
					FA758C2C1F9BC9C800BDB3D8 = {
						CreatedOnToolsVersion = 9.0;
						ProvisioningStyle = Automatic;
						TestTargetID = FA758C181F9BC9C800BDB3D8;
					};
					FA758C371F9BC9C800BDB3D8 = {
						CreatedOnToolsVersion = 9.0;
						ProvisioningStyle = Automatic;
						TestTargetID = FA758C181F9BC9C800BDB3D8;
					};
				};
			};
			buildConfigurationList = FA758C141F9BC9C800BDB3D8 /* Build configuration list for PBXProject "walmartlabs" */;
			compatibilityVersion = "Xcode 8.0";
			developmentRegion = en;
			hasScannedForEncodings = 0;
			knownRegions = (
				en,
				Base,
			);
			mainGroup = FA758C101F9BC9C800BDB3D8;
			productRefGroup = FA758C1A1F9BC9C800BDB3D8 /* Products */;
			projectDirPath = "";
			projectRoot = "";
			targets = (
				FA758C181F9BC9C800BDB3D8 /* walmartlabs */,
				FA758C2C1F9BC9C800BDB3D8 /* walmartlabsTests */,
				FA758C371F9BC9C800BDB3D8 /* walmartlabsUITests */,
			);
		};
/* End PBXProject section */

/* Begin PBXResourcesBuildPhase section */
		FA758C171F9BC9C800BDB3D8 /* Resources */ = {
			isa = PBXResourcesBuildPhase;
			buildActionMask = 2147483647;
			files = (
				FA758C551F9BD50300BDB3D8 /* SAMProductTableViewCell.xib in Resources */,
				FA758C4D1F9BD2C400BDB3D8 /* SAMProductViewController.xib in Resources */,
				FA28E38E1F9D312500C84DD1 /* SAMLoadingFooterView.xib in Resources */,
				FA758C241F9BC9C800BDB3D8 /* Assets.xcassets in Resources */,
			);
			runOnlyForDeploymentPostprocessing = 0;
		};
		FA758C2B1F9BC9C800BDB3D8 /* Resources */ = {
			isa = PBXResourcesBuildPhase;
			buildActionMask = 2147483647;
			files = (
			);
			runOnlyForDeploymentPostprocessing = 0;
		};
		FA758C361F9BC9C800BDB3D8 /* Resources */ = {
			isa = PBXResourcesBuildPhase;
			buildActionMask = 2147483647;
			files = (
			);
			runOnlyForDeploymentPostprocessing = 0;
		};
/* End PBXResourcesBuildPhase section */

/* Begin PBXShellScriptBuildPhase section */
		350E4EBBABFE16CADD66E7DC /* [CP] Check Pods Manifest.lock */ = {
			isa = PBXShellScriptBuildPhase;
			buildActionMask = 2147483647;
			files = (
			);
			inputPaths = (
				"${PODS_PODFILE_DIR_PATH}/Podfile.lock",
				"${PODS_ROOT}/Manifest.lock",
			);
			name = "[CP] Check Pods Manifest.lock";
			outputPaths = (
				"$(DERIVED_FILE_DIR)/Pods-walmartlabs-checkManifestLockResult.txt",
			);
			runOnlyForDeploymentPostprocessing = 0;
			shellPath = /bin/sh;
			shellScript = "diff \"${PODS_PODFILE_DIR_PATH}/Podfile.lock\" \"${PODS_ROOT}/Manifest.lock\" > /dev/null\nif [ $? != 0 ] ; then\n    # print error to STDERR\n    echo \"error: The sandbox is not in sync with the Podfile.lock. Run 'pod install' or update your CocoaPods installation.\" >&2\n    exit 1\nfi\n# This output is used by Xcode 'outputs' to avoid re-running this script phase.\necho \"SUCCESS\" > \"${SCRIPT_OUTPUT_FILE_0}\"\n";
			showEnvVarsInLog = 0;
		};
		4DD2B136DBEDBB18AD84237A /* [CP] Embed Pods Frameworks */ = {
			isa = PBXShellScriptBuildPhase;
			buildActionMask = 2147483647;
			files = (
			);
			inputPaths = (
				"${SRCROOT}/Pods/Target Support Files/Pods-walmartlabs/Pods-walmartlabs-frameworks.sh",
				"${BUILT_PRODUCTS_DIR}/Alamofire/Alamofire.framework",
				"${BUILT_PRODUCTS_DIR}/AlamofireImage/AlamofireImage.framework",
			);
			name = "[CP] Embed Pods Frameworks";
			outputPaths = (
				"${TARGET_BUILD_DIR}/${FRAMEWORKS_FOLDER_PATH}/Alamofire.framework",
				"${TARGET_BUILD_DIR}/${FRAMEWORKS_FOLDER_PATH}/AlamofireImage.framework",
			);
			runOnlyForDeploymentPostprocessing = 0;
			shellPath = /bin/sh;
			shellScript = "\"${SRCROOT}/Pods/Target Support Files/Pods-walmartlabs/Pods-walmartlabs-frameworks.sh\"\n";
			showEnvVarsInLog = 0;
		};
		EFB350A8AE3E280251DA5576 /* [CP] Copy Pods Resources */ = {
			isa = PBXShellScriptBuildPhase;
			buildActionMask = 2147483647;
			files = (
			);
			inputPaths = (
			);
			name = "[CP] Copy Pods Resources";
			outputPaths = (
			);
			runOnlyForDeploymentPostprocessing = 0;
			shellPath = /bin/sh;
			shellScript = "\"${SRCROOT}/Pods/Target Support Files/Pods-walmartlabs/Pods-walmartlabs-resources.sh\"\n";
			showEnvVarsInLog = 0;
		};
/* End PBXShellScriptBuildPhase section */

/* Begin PBXSourcesBuildPhase section */
		FA758C151F9BC9C800BDB3D8 /* Sources */ = {
			isa = PBXSourcesBuildPhase;
			buildActionMask = 2147483647;
			files = (
				FA758C541F9BD50300BDB3D8 /* SAMProductTableViewCell.swift in Sources */,
				FA758C5B1F9BE41200BDB3D8 /* SAMBaseRESTService.swift in Sources */,
				FA28E38C1F9D311300C84DD1 /* SAMLoadingFooterView.swift in Sources */,
				FA758C591F9BE26D00BDB3D8 /* SAMProduct.swift in Sources */,
				FA758C4C1F9BD2C400BDB3D8 /* SAMProductViewController.swift in Sources */,
				FAC5D2751F9D0F3300F62E11 /* SAMTableViewCell.swift in Sources */,
				FA28E3911F9D3A3D00C84DD1 /* UIView+NibExtension.swift in Sources */,
				FAC5D2781F9D226000F62E11 /* SAMPaginationManager.swift in Sources */,
				FAC5D2731F9CF6CA00F62E11 /* SAMProductResponse.swift in Sources */,
				FA758C1D1F9BC9C800BDB3D8 /* AppDelegate.swift in Sources */,
				FA758C5D1F9BE4E600BDB3D8 /* SAMProductService.swift in Sources */,
				FA758C5F1F9BE5EC00BDB3D8 /* SAMServiceConstants.swift in Sources */,
			);
			runOnlyForDeploymentPostprocessing = 0;
		};
		FA758C291F9BC9C800BDB3D8 /* Sources */ = {
			isa = PBXSourcesBuildPhase;
			buildActionMask = 2147483647;
			files = (
				FA758C321F9BC9C800BDB3D8 /* walmartlabsTests.swift in Sources */,
			);
			runOnlyForDeploymentPostprocessing = 0;
		};
		FA758C341F9BC9C800BDB3D8 /* Sources */ = {
			isa = PBXSourcesBuildPhase;
			buildActionMask = 2147483647;
			files = (
				FA758C3D1F9BC9C800BDB3D8 /* walmartlabsUITests.swift in Sources */,
			);
			runOnlyForDeploymentPostprocessing = 0;
		};
/* End PBXSourcesBuildPhase section */

/* Begin PBXTargetDependency section */
		FA758C2F1F9BC9C800BDB3D8 /* PBXTargetDependency */ = {
			isa = PBXTargetDependency;
			target = FA758C181F9BC9C800BDB3D8 /* walmartlabs */;
			targetProxy = FA758C2E1F9BC9C800BDB3D8 /* PBXContainerItemProxy */;
		};
		FA758C3A1F9BC9C800BDB3D8 /* PBXTargetDependency */ = {
			isa = PBXTargetDependency;
			target = FA758C181F9BC9C800BDB3D8 /* walmartlabs */;
			targetProxy = FA758C391F9BC9C800BDB3D8 /* PBXContainerItemProxy */;
		};
/* End PBXTargetDependency section */

/* Begin XCBuildConfiguration section */
		FA758C3F1F9BC9C800BDB3D8 /* Debug */ = {
			isa = XCBuildConfiguration;
			buildSettings = {
				ALWAYS_SEARCH_USER_PATHS = NO;
				CLANG_ANALYZER_NONNULL = YES;
				CLANG_ANALYZER_NUMBER_OBJECT_CONVERSION = YES_AGGRESSIVE;
				CLANG_CXX_LANGUAGE_STANDARD = "gnu++14";
				CLANG_CXX_LIBRARY = "libc++";
				CLANG_ENABLE_MODULES = YES;
				CLANG_ENABLE_OBJC_ARC = YES;
				CLANG_WARN_BLOCK_CAPTURE_AUTORELEASING = YES;
				CLANG_WARN_BOOL_CONVERSION = YES;
				CLANG_WARN_COMMA = YES;
				CLANG_WARN_CONSTANT_CONVERSION = YES;
				CLANG_WARN_DIRECT_OBJC_ISA_USAGE = YES_ERROR;
				CLANG_WARN_DOCUMENTATION_COMMENTS = YES;
				CLANG_WARN_EMPTY_BODY = YES;
				CLANG_WARN_ENUM_CONVERSION = YES;
				CLANG_WARN_INFINITE_RECURSION = YES;
				CLANG_WARN_INT_CONVERSION = YES;
				CLANG_WARN_NON_LITERAL_NULL_CONVERSION = YES;
				CLANG_WARN_OBJC_LITERAL_CONVERSION = YES;
				CLANG_WARN_OBJC_ROOT_CLASS = YES_ERROR;
				CLANG_WARN_RANGE_LOOP_ANALYSIS = YES;
				CLANG_WARN_STRICT_PROTOTYPES = YES;
				CLANG_WARN_SUSPICIOUS_MOVE = YES;
				CLANG_WARN_UNGUARDED_AVAILABILITY = YES_AGGRESSIVE;
				CLANG_WARN_UNREACHABLE_CODE = YES;
				CLANG_WARN__DUPLICATE_METHOD_MATCH = YES;
				CODE_SIGN_IDENTITY = "iPhone Developer";
				COPY_PHASE_STRIP = NO;
				DEBUG_INFORMATION_FORMAT = dwarf;
				ENABLE_STRICT_OBJC_MSGSEND = YES;
				ENABLE_TESTABILITY = YES;
				GCC_C_LANGUAGE_STANDARD = gnu11;
				GCC_DYNAMIC_NO_PIC = NO;
				GCC_NO_COMMON_BLOCKS = YES;
				GCC_OPTIMIZATION_LEVEL = 0;
				GCC_PREPROCESSOR_DEFINITIONS = (
					"DEBUG=1",
					"$(inherited)",
				);
				GCC_WARN_64_TO_32_BIT_CONVERSION = YES;
				GCC_WARN_ABOUT_RETURN_TYPE = YES_ERROR;
				GCC_WARN_UNDECLARED_SELECTOR = YES;
				GCC_WARN_UNINITIALIZED_AUTOS = YES_AGGRESSIVE;
				GCC_WARN_UNUSED_FUNCTION = YES;
				GCC_WARN_UNUSED_VARIABLE = YES;
				IPHONEOS_DEPLOYMENT_TARGET = 11.0;
				MTL_ENABLE_DEBUG_INFO = YES;
				ONLY_ACTIVE_ARCH = YES;
				SDKROOT = iphoneos;
				SWIFT_ACTIVE_COMPILATION_CONDITIONS = DEBUG;
				SWIFT_OPTIMIZATION_LEVEL = "-Onone";
			};
			name = Debug;
		};
		FA758C401F9BC9C800BDB3D8 /* Release */ = {
			isa = XCBuildConfiguration;
			buildSettings = {
				ALWAYS_SEARCH_USER_PATHS = NO;
				CLANG_ANALYZER_NONNULL = YES;
				CLANG_ANALYZER_NUMBER_OBJECT_CONVERSION = YES_AGGRESSIVE;
				CLANG_CXX_LANGUAGE_STANDARD = "gnu++14";
				CLANG_CXX_LIBRARY = "libc++";
				CLANG_ENABLE_MODULES = YES;
				CLANG_ENABLE_OBJC_ARC = YES;
				CLANG_WARN_BLOCK_CAPTURE_AUTORELEASING = YES;
				CLANG_WARN_BOOL_CONVERSION = YES;
				CLANG_WARN_COMMA = YES;
				CLANG_WARN_CONSTANT_CONVERSION = YES;
				CLANG_WARN_DIRECT_OBJC_ISA_USAGE = YES_ERROR;
				CLANG_WARN_DOCUMENTATION_COMMENTS = YES;
				CLANG_WARN_EMPTY_BODY = YES;
				CLANG_WARN_ENUM_CONVERSION = YES;
				CLANG_WARN_INFINITE_RECURSION = YES;
				CLANG_WARN_INT_CONVERSION = YES;
				CLANG_WARN_NON_LITERAL_NULL_CONVERSION = YES;
				CLANG_WARN_OBJC_LITERAL_CONVERSION = YES;
				CLANG_WARN_OBJC_ROOT_CLASS = YES_ERROR;
				CLANG_WARN_RANGE_LOOP_ANALYSIS = YES;
				CLANG_WARN_STRICT_PROTOTYPES = YES;
				CLANG_WARN_SUSPICIOUS_MOVE = YES;
				CLANG_WARN_UNGUARDED_AVAILABILITY = YES_AGGRESSIVE;
				CLANG_WARN_UNREACHABLE_CODE = YES;
				CLANG_WARN__DUPLICATE_METHOD_MATCH = YES;
				CODE_SIGN_IDENTITY = "iPhone Developer";
				COPY_PHASE_STRIP = NO;
				DEBUG_INFORMATION_FORMAT = "dwarf-with-dsym";
				ENABLE_NS_ASSERTIONS = NO;
				ENABLE_STRICT_OBJC_MSGSEND = YES;
				GCC_C_LANGUAGE_STANDARD = gnu11;
				GCC_NO_COMMON_BLOCKS = YES;
				GCC_WARN_64_TO_32_BIT_CONVERSION = YES;
				GCC_WARN_ABOUT_RETURN_TYPE = YES_ERROR;
				GCC_WARN_UNDECLARED_SELECTOR = YES;
				GCC_WARN_UNINITIALIZED_AUTOS = YES_AGGRESSIVE;
				GCC_WARN_UNUSED_FUNCTION = YES;
				GCC_WARN_UNUSED_VARIABLE = YES;
				IPHONEOS_DEPLOYMENT_TARGET = 11.0;
				MTL_ENABLE_DEBUG_INFO = NO;
				SDKROOT = iphoneos;
				SWIFT_OPTIMIZATION_LEVEL = "-Owholemodule";
				VALIDATE_PRODUCT = YES;
			};
			name = Release;
		};
		FA758C421F9BC9C800BDB3D8 /* Debug */ = {
			isa = XCBuildConfiguration;
			baseConfigurationReference = 475691F5282898C92FBCBDD5 /* Pods-walmartlabs.debug.xcconfig */;
			buildSettings = {
				ASSETCATALOG_COMPILER_APPICON_NAME = AppIcon;
				CODE_SIGN_STYLE = Automatic;
				INFOPLIST_FILE = walmartlabs/Info.plist;
				LD_RUNPATH_SEARCH_PATHS = "$(inherited) @executable_path/Frameworks";
				PRODUCT_BUNDLE_IDENTIFIER = com.sams.walmartlabs;
				PRODUCT_NAME = "$(TARGET_NAME)";
				SWIFT_VERSION = 3.0;
				TARGETED_DEVICE_FAMILY = "1,2";
			};
			name = Debug;
		};
		FA758C431F9BC9C800BDB3D8 /* Release */ = {
			isa = XCBuildConfiguration;
			baseConfigurationReference = DA145736CB4DDDB90CB90B8E /* Pods-walmartlabs.release.xcconfig */;
			buildSettings = {
				ASSETCATALOG_COMPILER_APPICON_NAME = AppIcon;
				CODE_SIGN_STYLE = Automatic;
				INFOPLIST_FILE = walmartlabs/Info.plist;
				LD_RUNPATH_SEARCH_PATHS = "$(inherited) @executable_path/Frameworks";
				PRODUCT_BUNDLE_IDENTIFIER = com.sams.walmartlabs;
				PRODUCT_NAME = "$(TARGET_NAME)";
				SWIFT_VERSION = 3.0;
				TARGETED_DEVICE_FAMILY = "1,2";
			};
			name = Release;
		};
		FA758C451F9BC9C800BDB3D8 /* Debug */ = {
			isa = XCBuildConfiguration;
			buildSettings = {
				ALWAYS_EMBED_SWIFT_STANDARD_LIBRARIES = YES;
				BUNDLE_LOADER = "$(TEST_HOST)";
				CODE_SIGN_STYLE = Automatic;
				INFOPLIST_FILE = walmartlabsTests/Info.plist;
				LD_RUNPATH_SEARCH_PATHS = "$(inherited) @executable_path/Frameworks @loader_path/Frameworks";
				PRODUCT_BUNDLE_IDENTIFIER = com.sams.walmartlabsTests;
				PRODUCT_NAME = "$(TARGET_NAME)";
				SWIFT_VERSION = 4.0;
				TARGETED_DEVICE_FAMILY = "1,2";
				TEST_HOST = "$(BUILT_PRODUCTS_DIR)/walmartlabs.app/walmartlabs";
			};
			name = Debug;
		};
		FA758C461F9BC9C800BDB3D8 /* Release */ = {
			isa = XCBuildConfiguration;
			buildSettings = {
				ALWAYS_EMBED_SWIFT_STANDARD_LIBRARIES = YES;
				BUNDLE_LOADER = "$(TEST_HOST)";
				CODE_SIGN_STYLE = Automatic;
				INFOPLIST_FILE = walmartlabsTests/Info.plist;
				LD_RUNPATH_SEARCH_PATHS = "$(inherited) @executable_path/Frameworks @loader_path/Frameworks";
				PRODUCT_BUNDLE_IDENTIFIER = com.sams.walmartlabsTests;
				PRODUCT_NAME = "$(TARGET_NAME)";
				SWIFT_VERSION = 4.0;
				TARGETED_DEVICE_FAMILY = "1,2";
				TEST_HOST = "$(BUILT_PRODUCTS_DIR)/walmartlabs.app/walmartlabs";
			};
			name = Release;
		};
		FA758C481F9BC9C800BDB3D8 /* Debug */ = {
			isa = XCBuildConfiguration;
			buildSettings = {
				ALWAYS_EMBED_SWIFT_STANDARD_LIBRARIES = YES;
				CODE_SIGN_STYLE = Automatic;
				INFOPLIST_FILE = walmartlabsUITests/Info.plist;
				LD_RUNPATH_SEARCH_PATHS = "$(inherited) @executable_path/Frameworks @loader_path/Frameworks";
				PRODUCT_BUNDLE_IDENTIFIER = com.sams.walmartlabsUITests;
				PRODUCT_NAME = "$(TARGET_NAME)";
				SWIFT_VERSION = 4.0;
				TARGETED_DEVICE_FAMILY = "1,2";
				TEST_TARGET_NAME = walmartlabs;
			};
			name = Debug;
		};
		FA758C491F9BC9C800BDB3D8 /* Release */ = {
			isa = XCBuildConfiguration;
			buildSettings = {
				ALWAYS_EMBED_SWIFT_STANDARD_LIBRARIES = YES;
				CODE_SIGN_STYLE = Automatic;
				INFOPLIST_FILE = walmartlabsUITests/Info.plist;
				LD_RUNPATH_SEARCH_PATHS = "$(inherited) @executable_path/Frameworks @loader_path/Frameworks";
				PRODUCT_BUNDLE_IDENTIFIER = com.sams.walmartlabsUITests;
				PRODUCT_NAME = "$(TARGET_NAME)";
				SWIFT_VERSION = 4.0;
				TARGETED_DEVICE_FAMILY = "1,2";
				TEST_TARGET_NAME = walmartlabs;
			};
			name = Release;
		};
/* End XCBuildConfiguration section */

/* Begin XCConfigurationList section */
		FA758C141F9BC9C800BDB3D8 /* Build configuration list for PBXProject "walmartlabs" */ = {
			isa = XCConfigurationList;
			buildConfigurations = (
				FA758C3F1F9BC9C800BDB3D8 /* Debug */,
				FA758C401F9BC9C800BDB3D8 /* Release */,
			);
			defaultConfigurationIsVisible = 0;
			defaultConfigurationName = Release;
		};
		FA758C411F9BC9C800BDB3D8 /* Build configuration list for PBXNativeTarget "walmartlabs" */ = {
			isa = XCConfigurationList;
			buildConfigurations = (
				FA758C421F9BC9C800BDB3D8 /* Debug */,
				FA758C431F9BC9C800BDB3D8 /* Release */,
			);
			defaultConfigurationIsVisible = 0;
			defaultConfigurationName = Release;
		};
		FA758C441F9BC9C800BDB3D8 /* Build configuration list for PBXNativeTarget "walmartlabsTests" */ = {
			isa = XCConfigurationList;
			buildConfigurations = (
				FA758C451F9BC9C800BDB3D8 /* Debug */,
				FA758C461F9BC9C800BDB3D8 /* Release */,
			);
			defaultConfigurationIsVisible = 0;
			defaultConfigurationName = Release;
		};
		FA758C471F9BC9C800BDB3D8 /* Build configuration list for PBXNativeTarget "walmartlabsUITests" */ = {
			isa = XCConfigurationList;
			buildConfigurations = (
				FA758C481F9BC9C800BDB3D8 /* Debug */,
				FA758C491F9BC9C800BDB3D8 /* Release */,
			);
			defaultConfigurationIsVisible = 0;
			defaultConfigurationName = Release;
		};
/* End XCConfigurationList section */
	};
	rootObject = FA758C111F9BC9C800BDB3D8 /* Project object */;
}
